// !$*UTF8*$!
{
	archiveVersion = 1;
	classes = {
	};
	objectVersion = 55;
	objects = {

/* Begin PBXBuildFile section */
		23CE695F27EB2E2600A0E18D /* AppDelegate.swift in Sources */ = {isa = PBXBuildFile; fileRef = 23CE695E27EB2E2600A0E18D /* AppDelegate.swift */; };
		23CE696127EB2E2600A0E18D /* SceneDelegate.swift in Sources */ = {isa = PBXBuildFile; fileRef = 23CE696027EB2E2600A0E18D /* SceneDelegate.swift */; };
		23CE696327EB2E2600A0E18D /* ViewController.swift in Sources */ = {isa = PBXBuildFile; fileRef = 23CE696227EB2E2600A0E18D /* ViewController.swift */; };
		23CE696627EB2E2600A0E18D /* Main.storyboard in Resources */ = {isa = PBXBuildFile; fileRef = 23CE696427EB2E2600A0E18D /* Main.storyboard */; };
		23CE696827EB2E2800A0E18D /* Assets.xcassets in Resources */ = {isa = PBXBuildFile; fileRef = 23CE696727EB2E2800A0E18D /* Assets.xcassets */; };
		23CE696B27EB2E2800A0E18D /* LaunchScreen.storyboard in Resources */ = {isa = PBXBuildFile; fileRef = 23CE696927EB2E2800A0E18D /* LaunchScreen.storyboard */; };
		23CE697627EB2E2900A0E18D /* CocktailAppTests.swift in Sources */ = {isa = PBXBuildFile; fileRef = 23CE697527EB2E2900A0E18D /* CocktailAppTests.swift */; };
		23CE698027EB2E2900A0E18D /* CocktailAppUITests.swift in Sources */ = {isa = PBXBuildFile; fileRef = 23CE697F27EB2E2900A0E18D /* CocktailAppUITests.swift */; };
		23CE698227EB2E2900A0E18D /* CocktailAppUITestsLaunchTests.swift in Sources */ = {isa = PBXBuildFile; fileRef = 23CE698127EB2E2900A0E18D /* CocktailAppUITestsLaunchTests.swift */; };
/* End PBXBuildFile section */

/* Begin PBXContainerItemProxy section */
		23CE697227EB2E2900A0E18D /* PBXContainerItemProxy */ = {
			isa = PBXContainerItemProxy;
			containerPortal = 23CE695327EB2E2600A0E18D /* Project object */;
			proxyType = 1;
			remoteGlobalIDString = 23CE695A27EB2E2600A0E18D;
			remoteInfo = CocktailApp;
		};
		23CE697C27EB2E2900A0E18D /* PBXContainerItemProxy */ = {
			isa = PBXContainerItemProxy;
			containerPortal = 23CE695327EB2E2600A0E18D /* Project object */;
			proxyType = 1;
			remoteGlobalIDString = 23CE695A27EB2E2600A0E18D;
			remoteInfo = CocktailApp;
		};
/* End PBXContainerItemProxy section */

/* Begin PBXFileReference section */
		23CE695B27EB2E2600A0E18D /* CocktailApp.app */ = {isa = PBXFileReference; explicitFileType = wrapper.application; includeInIndex = 0; path = CocktailApp.app; sourceTree = BUILT_PRODUCTS_DIR; };
		23CE695E27EB2E2600A0E18D /* AppDelegate.swift */ = {isa = PBXFileReference; lastKnownFileType = sourcecode.swift; path = AppDelegate.swift; sourceTree = "<group>"; };
		23CE696027EB2E2600A0E18D /* SceneDelegate.swift */ = {isa = PBXFileReference; lastKnownFileType = sourcecode.swift; path = SceneDelegate.swift; sourceTree = "<group>"; };
		23CE696227EB2E2600A0E18D /* ViewController.swift */ = {isa = PBXFileReference; lastKnownFileType = sourcecode.swift; path = ViewController.swift; sourceTree = "<group>"; };
		23CE696527EB2E2600A0E18D /* Base */ = {isa = PBXFileReference; lastKnownFileType = file.storyboard; name = Base; path = Base.lproj/Main.storyboard; sourceTree = "<group>"; };
		23CE696727EB2E2800A0E18D /* Assets.xcassets */ = {isa = PBXFileReference; lastKnownFileType = folder.assetcatalog; path = Assets.xcassets; sourceTree = "<group>"; };
		23CE696A27EB2E2800A0E18D /* Base */ = {isa = PBXFileReference; lastKnownFileType = file.storyboard; name = Base; path = Base.lproj/LaunchScreen.storyboard; sourceTree = "<group>"; };
		23CE696C27EB2E2800A0E18D /* Info.plist */ = {isa = PBXFileReference; lastKnownFileType = text.plist.xml; path = Info.plist; sourceTree = "<group>"; };
		23CE697127EB2E2900A0E18D /* CocktailAppTests.xctest */ = {isa = PBXFileReference; explicitFileType = wrapper.cfbundle; includeInIndex = 0; path = CocktailAppTests.xctest; sourceTree = BUILT_PRODUCTS_DIR; };
		23CE697527EB2E2900A0E18D /* CocktailAppTests.swift */ = {isa = PBXFileReference; lastKnownFileType = sourcecode.swift; path = CocktailAppTests.swift; sourceTree = "<group>"; };
		23CE697B27EB2E2900A0E18D /* CocktailAppUITests.xctest */ = {isa = PBXFileReference; explicitFileType = wrapper.cfbundle; includeInIndex = 0; path = CocktailAppUITests.xctest; sourceTree = BUILT_PRODUCTS_DIR; };
		23CE697F27EB2E2900A0E18D /* CocktailAppUITests.swift */ = {isa = PBXFileReference; lastKnownFileType = sourcecode.swift; path = CocktailAppUITests.swift; sourceTree = "<group>"; };
		23CE698127EB2E2900A0E18D /* CocktailAppUITestsLaunchTests.swift */ = {isa = PBXFileReference; lastKnownFileType = sourcecode.swift; path = CocktailAppUITestsLaunchTests.swift; sourceTree = "<group>"; };
/* End PBXFileReference section */

/* Begin PBXFrameworksBuildPhase section */
		23CE695827EB2E2600A0E18D /* Frameworks */ = {
			isa = PBXFrameworksBuildPhase;
			buildActionMask = 2147483647;
			files = (
			);
			runOnlyForDeploymentPostprocessing = 0;
		};
		23CE696E27EB2E2900A0E18D /* Frameworks */ = {
			isa = PBXFrameworksBuildPhase;
			buildActionMask = 2147483647;
			files = (
			);
			runOnlyForDeploymentPostprocessing = 0;
		};
		23CE697827EB2E2900A0E18D /* Frameworks */ = {
			isa = PBXFrameworksBuildPhase;
			buildActionMask = 2147483647;
			files = (
			);
			runOnlyForDeploymentPostprocessing = 0;
		};
/* End PBXFrameworksBuildPhase section */

/* Begin PBXGroup section */
		23CE695227EB2E2600A0E18D = {
			isa = PBXGroup;
			children = (
				23CE695D27EB2E2600A0E18D /* CocktailApp */,
				23CE697427EB2E2900A0E18D /* CocktailAppTests */,
				23CE697E27EB2E2900A0E18D /* CocktailAppUITests */,
				23CE695C27EB2E2600A0E18D /* Products */,
			);
			sourceTree = "<group>";
		};
		23CE695C27EB2E2600A0E18D /* Products */ = {
			isa = PBXGroup;
			children = (
				23CE695B27EB2E2600A0E18D /* CocktailApp.app */,
				23CE697127EB2E2900A0E18D /* CocktailAppTests.xctest */,
				23CE697B27EB2E2900A0E18D /* CocktailAppUITests.xctest */,
			);
			name = Products;
			sourceTree = "<group>";
		};
		23CE695D27EB2E2600A0E18D /* CocktailApp */ = {
			isa = PBXGroup;
			children = (
				23CE695E27EB2E2600A0E18D /* AppDelegate.swift */,
				23CE696027EB2E2600A0E18D /* SceneDelegate.swift */,
				23CE696227EB2E2600A0E18D /* ViewController.swift */,
				23CE696427EB2E2600A0E18D /* Main.storyboard */,
				23CE696727EB2E2800A0E18D /* Assets.xcassets */,
				23CE696927EB2E2800A0E18D /* LaunchScreen.storyboard */,
				23CE696C27EB2E2800A0E18D /* Info.plist */,
			);
			path = CocktailApp;
			sourceTree = "<group>";
		};
		23CE697427EB2E2900A0E18D /* CocktailAppTests */ = {
			isa = PBXGroup;
			children = (
				23CE697527EB2E2900A0E18D /* CocktailAppTests.swift */,
			);
			path = CocktailAppTests;
			sourceTree = "<group>";
		};
		23CE697E27EB2E2900A0E18D /* CocktailAppUITests */ = {
			isa = PBXGroup;
			children = (
				23CE697F27EB2E2900A0E18D /* CocktailAppUITests.swift */,
				23CE698127EB2E2900A0E18D /* CocktailAppUITestsLaunchTests.swift */,
			);
			path = CocktailAppUITests;
			sourceTree = "<group>";
		};
/* End PBXGroup section */

/* Begin PBXNativeTarget section */
		23CE695A27EB2E2600A0E18D /* CocktailApp */ = {
			isa = PBXNativeTarget;
			buildConfigurationList = 23CE698527EB2E2900A0E18D /* Build configuration list for PBXNativeTarget "CocktailApp" */;
			buildPhases = (
				23CE695727EB2E2600A0E18D /* Sources */,
				23CE695827EB2E2600A0E18D /* Frameworks */,
				23CE695927EB2E2600A0E18D /* Resources */,
			);
			buildRules = (
			);
			dependencies = (
			);
			name = CocktailApp;
			productName = CocktailApp;
			productReference = 23CE695B27EB2E2600A0E18D /* CocktailApp.app */;
			productType = "com.apple.product-type.application";
		};
		23CE697027EB2E2900A0E18D /* CocktailAppTests */ = {
			isa = PBXNativeTarget;
			buildConfigurationList = 23CE698827EB2E2900A0E18D /* Build configuration list for PBXNativeTarget "CocktailAppTests" */;
			buildPhases = (
				23CE696D27EB2E2900A0E18D /* Sources */,
				23CE696E27EB2E2900A0E18D /* Frameworks */,
				23CE696F27EB2E2900A0E18D /* Resources */,
			);
			buildRules = (
			);
			dependencies = (
				23CE697327EB2E2900A0E18D /* PBXTargetDependency */,
			);
			name = CocktailAppTests;
			productName = CocktailAppTests;
			productReference = 23CE697127EB2E2900A0E18D /* CocktailAppTests.xctest */;
			productType = "com.apple.product-type.bundle.unit-test";
		};
		23CE697A27EB2E2900A0E18D /* CocktailAppUITests */ = {
			isa = PBXNativeTarget;
			buildConfigurationList = 23CE698B27EB2E2900A0E18D /* Build configuration list for PBXNativeTarget "CocktailAppUITests" */;
			buildPhases = (
				23CE697727EB2E2900A0E18D /* Sources */,
				23CE697827EB2E2900A0E18D /* Frameworks */,
				23CE697927EB2E2900A0E18D /* Resources */,
			);
			buildRules = (
			);
			dependencies = (
				23CE697D27EB2E2900A0E18D /* PBXTargetDependency */,
			);
			name = CocktailAppUITests;
			productName = CocktailAppUITests;
			productReference = 23CE697B27EB2E2900A0E18D /* CocktailAppUITests.xctest */;
			productType = "com.apple.product-type.bundle.ui-testing";
		};
/* End PBXNativeTarget section */

/* Begin PBXProject section */
		23CE695327EB2E2600A0E18D /* Project object */ = {
			isa = PBXProject;
			attributes = {
				BuildIndependentTargetsInParallel = 1;
				LastSwiftUpdateCheck = 1300;
				LastUpgradeCheck = 1300;
				TargetAttributes = {
					23CE695A27EB2E2600A0E18D = {
						CreatedOnToolsVersion = 13.0;
					};
					23CE697027EB2E2900A0E18D = {
						CreatedOnToolsVersion = 13.0;
						TestTargetID = 23CE695A27EB2E2600A0E18D;
					};
					23CE697A27EB2E2900A0E18D = {
						CreatedOnToolsVersion = 13.0;
						TestTargetID = 23CE695A27EB2E2600A0E18D;
					};
				};
			};
			buildConfigurationList = 23CE695627EB2E2600A0E18D /* Build configuration list for PBXProject "CocktailApp" */;
			compatibilityVersion = "Xcode 13.0";
			developmentRegion = en;
			hasScannedForEncodings = 0;
			knownRegions = (
				en,
				Base,
			);
			mainGroup = 23CE695227EB2E2600A0E18D;
			productRefGroup = 23CE695C27EB2E2600A0E18D /* Products */;
			projectDirPath = "";
			projectRoot = "";
			targets = (
				23CE695A27EB2E2600A0E18D /* CocktailApp */,
				23CE697027EB2E2900A0E18D /* CocktailAppTests */,
				23CE697A27EB2E2900A0E18D /* CocktailAppUITests */,
			);
		};
/* End PBXProject section */

/* Begin PBXResourcesBuildPhase section */
		23CE695927EB2E2600A0E18D /* Resources */ = {
			isa = PBXResourcesBuildPhase;
			buildActionMask = 2147483647;
			files = (
				23CE696B27EB2E2800A0E18D /* LaunchScreen.storyboard in Resources */,
				23CE696827EB2E2800A0E18D /* Assets.xcassets in Resources */,
				23CE696627EB2E2600A0E18D /* Main.storyboard in Resources */,
			);
			runOnlyForDeploymentPostprocessing = 0;
		};
		23CE696F27EB2E2900A0E18D /* Resources */ = {
			isa = PBXResourcesBuildPhase;
			buildActionMask = 2147483647;
			files = (
			);
			runOnlyForDeploymentPostprocessing = 0;
		};
		23CE697927EB2E2900A0E18D /* Resources */ = {
			isa = PBXResourcesBuildPhase;
			buildActionMask = 2147483647;
			files = (
			);
			runOnlyForDeploymentPostprocessing = 0;
		};
/* End PBXResourcesBuildPhase section */

/* Begin PBXSourcesBuildPhase section */
		23CE695727EB2E2600A0E18D /* Sources */ = {
			isa = PBXSourcesBuildPhase;
			buildActionMask = 2147483647;
			files = (
				23CE696327EB2E2600A0E18D /* ViewController.swift in Sources */,
				23CE695F27EB2E2600A0E18D /* AppDelegate.swift in Sources */,
				23CE696127EB2E2600A0E18D /* SceneDelegate.swift in Sources */,
			);
			runOnlyForDeploymentPostprocessing = 0;
		};
		23CE696D27EB2E2900A0E18D /* Sources */ = {
			isa = PBXSourcesBuildPhase;
			buildActionMask = 2147483647;
			files = (
				23CE697627EB2E2900A0E18D /* CocktailAppTests.swift in Sources */,
			);
			runOnlyForDeploymentPostprocessing = 0;
		};
		23CE697727EB2E2900A0E18D /* Sources */ = {
			isa = PBXSourcesBuildPhase;
			buildActionMask = 2147483647;
			files = (
				23CE698227EB2E2900A0E18D /* CocktailAppUITestsLaunchTests.swift in Sources */,
				23CE698027EB2E2900A0E18D /* CocktailAppUITests.swift in Sources */,
			);
			runOnlyForDeploymentPostprocessing = 0;
		};
/* End PBXSourcesBuildPhase section */

/* Begin PBXTargetDependency section */
		23CE697327EB2E2900A0E18D /* PBXTargetDependency */ = {
			isa = PBXTargetDependency;
			target = 23CE695A27EB2E2600A0E18D /* CocktailApp */;
			targetProxy = 23CE697227EB2E2900A0E18D /* PBXContainerItemProxy */;
		};
		23CE697D27EB2E2900A0E18D /* PBXTargetDependency */ = {
			isa = PBXTargetDependency;
			target = 23CE695A27EB2E2600A0E18D /* CocktailApp */;
			targetProxy = 23CE697C27EB2E2900A0E18D /* PBXContainerItemProxy */;
		};
/* End PBXTargetDependency section */

/* Begin PBXVariantGroup section */
		23CE696427EB2E2600A0E18D /* Main.storyboard */ = {
			isa = PBXVariantGroup;
			children = (
				23CE696527EB2E2600A0E18D /* Base */,
			);
			name = Main.storyboard;
			sourceTree = "<group>";
		};
		23CE696927EB2E2800A0E18D /* LaunchScreen.storyboard */ = {
			isa = PBXVariantGroup;
			children = (
				23CE696A27EB2E2800A0E18D /* Base */,
			);
			name = LaunchScreen.storyboard;
			sourceTree = "<group>";
		};
/* End PBXVariantGroup section */

/* Begin XCBuildConfiguration section */
		23CE698327EB2E2900A0E18D /* Debug */ = {
			isa = XCBuildConfiguration;
			buildSettings = {
				ALWAYS_SEARCH_USER_PATHS = NO;
				CLANG_ANALYZER_NONNULL = YES;
				CLANG_ANALYZER_NUMBER_OBJECT_CONVERSION = YES_AGGRESSIVE;
				CLANG_CXX_LANGUAGE_STANDARD = "gnu++17";
				CLANG_CXX_LIBRARY = "libc++";
				CLANG_ENABLE_MODULES = YES;
				CLANG_ENABLE_OBJC_ARC = YES;
				CLANG_ENABLE_OBJC_WEAK = YES;
				CLANG_WARN_BLOCK_CAPTURE_AUTORELEASING = YES;
				CLANG_WARN_BOOL_CONVERSION = YES;
				CLANG_WARN_COMMA = YES;
				CLANG_WARN_CONSTANT_CONVERSION = YES;
				CLANG_WARN_DEPRECATED_OBJC_IMPLEMENTATIONS = YES;
				CLANG_WARN_DIRECT_OBJC_ISA_USAGE = YES_ERROR;
				CLANG_WARN_DOCUMENTATION_COMMENTS = YES;
				CLANG_WARN_EMPTY_BODY = YES;
				CLANG_WARN_ENUM_CONVERSION = YES;
				CLANG_WARN_INFINITE_RECURSION = YES;
				CLANG_WARN_INT_CONVERSION = YES;
				CLANG_WARN_NON_LITERAL_NULL_CONVERSION = YES;
				CLANG_WARN_OBJC_IMPLICIT_RETAIN_SELF = YES;
				CLANG_WARN_OBJC_LITERAL_CONVERSION = YES;
				CLANG_WARN_OBJC_ROOT_CLASS = YES_ERROR;
				CLANG_WARN_QUOTED_INCLUDE_IN_FRAMEWORK_HEADER = YES;
				CLANG_WARN_RANGE_LOOP_ANALYSIS = YES;
				CLANG_WARN_STRICT_PROTOTYPES = YES;
				CLANG_WARN_SUSPICIOUS_MOVE = YES;
				CLANG_WARN_UNGUARDED_AVAILABILITY = YES_AGGRESSIVE;
				CLANG_WARN_UNREACHABLE_CODE = YES;
				CLANG_WARN__DUPLICATE_METHOD_MATCH = YES;
				COPY_PHASE_STRIP = NO;
				DEBUG_INFORMATION_FORMAT = dwarf;
				ENABLE_STRICT_OBJC_MSGSEND = YES;
				ENABLE_TESTABILITY = YES;
				GCC_C_LANGUAGE_STANDARD = gnu11;
				GCC_DYNAMIC_NO_PIC = NO;
				GCC_NO_COMMON_BLOCKS = YES;
				GCC_OPTIMIZATION_LEVEL = 0;
				GCC_PREPROCESSOR_DEFINITIONS = (
					"DEBUG=1",
					"$(inherited)",
				);
				GCC_WARN_64_TO_32_BIT_CONVERSION = YES;
				GCC_WARN_ABOUT_RETURN_TYPE = YES_ERROR;
				GCC_WARN_UNDECLARED_SELECTOR = YES;
				GCC_WARN_UNINITIALIZED_AUTOS = YES_AGGRESSIVE;
				GCC_WARN_UNUSED_FUNCTION = YES;
				GCC_WARN_UNUSED_VARIABLE = YES;
				IPHONEOS_DEPLOYMENT_TARGET = 15.0;
				MTL_ENABLE_DEBUG_INFO = INCLUDE_SOURCE;
				MTL_FAST_MATH = YES;
				ONLY_ACTIVE_ARCH = YES;
				SDKROOT = iphoneos;
				SWIFT_ACTIVE_COMPILATION_CONDITIONS = DEBUG;
				SWIFT_OPTIMIZATION_LEVEL = "-Onone";
			};
			name = Debug;
		};
		23CE698427EB2E2900A0E18D /* Release */ = {
			isa = XCBuildConfiguration;
			buildSettings = {
				ALWAYS_SEARCH_USER_PATHS = NO;
				CLANG_ANALYZER_NONNULL = YES;
				CLANG_ANALYZER_NUMBER_OBJECT_CONVERSION = YES_AGGRESSIVE;
				CLANG_CXX_LANGUAGE_STANDARD = "gnu++17";
				CLANG_CXX_LIBRARY = "libc++";
				CLANG_ENABLE_MODULES = YES;
				CLANG_ENABLE_OBJC_ARC = YES;
				CLANG_ENABLE_OBJC_WEAK = YES;
				CLANG_WARN_BLOCK_CAPTURE_AUTORELEASING = YES;
				CLANG_WARN_BOOL_CONVERSION = YES;
				CLANG_WARN_COMMA = YES;
				CLANG_WARN_CONSTANT_CONVERSION = YES;
				CLANG_WARN_DEPRECATED_OBJC_IMPLEMENTATIONS = YES;
				CLANG_WARN_DIRECT_OBJC_ISA_USAGE = YES_ERROR;
				CLANG_WARN_DOCUMENTATION_COMMENTS = YES;
				CLANG_WARN_EMPTY_BODY = YES;
				CLANG_WARN_ENUM_CONVERSION = YES;
				CLANG_WARN_INFINITE_RECURSION = YES;
				CLANG_WARN_INT_CONVERSION = YES;
				CLANG_WARN_NON_LITERAL_NULL_CONVERSION = YES;
				CLANG_WARN_OBJC_IMPLICIT_RETAIN_SELF = YES;
				CLANG_WARN_OBJC_LITERAL_CONVERSION = YES;
				CLANG_WARN_OBJC_ROOT_CLASS = YES_ERROR;
				CLANG_WARN_QUOTED_INCLUDE_IN_FRAMEWORK_HEADER = YES;
				CLANG_WARN_RANGE_LOOP_ANALYSIS = YES;
				CLANG_WARN_STRICT_PROTOTYPES = YES;
				CLANG_WARN_SUSPICIOUS_MOVE = YES;
				CLANG_WARN_UNGUARDED_AVAILABILITY = YES_AGGRESSIVE;
				CLANG_WARN_UNREACHABLE_CODE = YES;
				CLANG_WARN__DUPLICATE_METHOD_MATCH = YES;
				COPY_PHASE_STRIP = NO;
				DEBUG_INFORMATION_FORMAT = "dwarf-with-dsym";
				ENABLE_NS_ASSERTIONS = NO;
				ENABLE_STRICT_OBJC_MSGSEND = YES;
				GCC_C_LANGUAGE_STANDARD = gnu11;
				GCC_NO_COMMON_BLOCKS = YES;
				GCC_WARN_64_TO_32_BIT_CONVERSION = YES;
				GCC_WARN_ABOUT_RETURN_TYPE = YES_ERROR;
				GCC_WARN_UNDECLARED_SELECTOR = YES;
				GCC_WARN_UNINITIALIZED_AUTOS = YES_AGGRESSIVE;
				GCC_WARN_UNUSED_FUNCTION = YES;
				GCC_WARN_UNUSED_VARIABLE = YES;
				IPHONEOS_DEPLOYMENT_TARGET = 15.0;
				MTL_ENABLE_DEBUG_INFO = NO;
				MTL_FAST_MATH = YES;
				SDKROOT = iphoneos;
				SWIFT_COMPILATION_MODE = wholemodule;
				SWIFT_OPTIMIZATION_LEVEL = "-O";
				VALIDATE_PRODUCT = YES;
			};
			name = Release;
		};
		23CE698627EB2E2900A0E18D /* Debug */ = {
			isa = XCBuildConfiguration;
			buildSettings = {
				ASSETCATALOG_COMPILER_APPICON_NAME = AppIcon;
				ASSETCATALOG_COMPILER_GLOBAL_ACCENT_COLOR_NAME = AccentColor;
				CODE_SIGN_STYLE = Automatic;
				CURRENT_PROJECT_VERSION = 1;
				DEVELOPMENT_TEAM = MYS34L2H78;
				GENERATE_INFOPLIST_FILE = YES;
				INFOPLIST_FILE = CocktailApp/Info.plist;
				INFOPLIST_KEY_UIApplicationSupportsIndirectInputEvents = YES;
				INFOPLIST_KEY_UILaunchStoryboardName = LaunchScreen;
				INFOPLIST_KEY_UIMainStoryboardFile = Main;
				INFOPLIST_KEY_UISupportedInterfaceOrientations_iPad = "UIInterfaceOrientationPortrait UIInterfaceOrientationPortraitUpsideDown UIInterfaceOrientationLandscapeLeft UIInterfaceOrientationLandscapeRight";
				INFOPLIST_KEY_UISupportedInterfaceOrientations_iPhone = "UIInterfaceOrientationPortrait UIInterfaceOrientationLandscapeLeft UIInterfaceOrientationLandscapeRight";
				LD_RUNPATH_SEARCH_PATHS = (
					"$(inherited)",
					"@executable_path/Frameworks",
				);
				MARKETING_VERSION = 1.0;
				PRODUCT_BUNDLE_IDENTIFIER = gualacorporations.company.CocktailApp;
				PRODUCT_NAME = "$(TARGET_NAME)";
				SWIFT_EMIT_LOC_STRINGS = YES;
				SWIFT_VERSION = 5.0;
				TARGETED_DEVICE_FAMILY = "1,2";
			};
			name = Debug;
		};
		23CE698727EB2E2900A0E18D /* Release */ = {
			isa = XCBuildConfiguration;
			buildSettings = {
				ASSETCATALOG_COMPILER_APPICON_NAME = AppIcon;
				ASSETCATALOG_COMPILER_GLOBAL_ACCENT_COLOR_NAME = AccentColor;
				CODE_SIGN_STYLE = Automatic;
				CURRENT_PROJECT_VERSION = 1;
				DEVELOPMENT_TEAM = MYS34L2H78;
				GENERATE_INFOPLIST_FILE = YES;
				INFOPLIST_FILE = CocktailApp/Info.plist;
				INFOPLIST_KEY_UIApplicationSupportsIndirectInputEvents = YES;
				INFOPLIST_KEY_UILaunchStoryboardName = LaunchScreen;
				INFOPLIST_KEY_UIMainStoryboardFile = Main;
				INFOPLIST_KEY_UISupportedInterfaceOrientations_iPad = "UIInterfaceOrientationPortrait UIInterfaceOrientationPortraitUpsideDown UIInterfaceOrientationLandscapeLeft UIInterfaceOrientationLandscapeRight";
				INFOPLIST_KEY_UISupportedInterfaceOrientations_iPhone = "UIInterfaceOrientationPortrait UIInterfaceOrientationLandscapeLeft UIInterfaceOrientationLandscapeRight";
				LD_RUNPATH_SEARCH_PATHS = (
					"$(inherited)",
					"@executable_path/Frameworks",
				);
				MARKETING_VERSION = 1.0;
				PRODUCT_BUNDLE_IDENTIFIER = gualacorporations.company.CocktailApp;
				PRODUCT_NAME = "$(TARGET_NAME)";
				SWIFT_EMIT_LOC_STRINGS = YES;
				SWIFT_VERSION = 5.0;
				TARGETED_DEVICE_FAMILY = "1,2";
			};
			name = Release;
		};
		23CE698927EB2E2900A0E18D /* Debug */ = {
			isa = XCBuildConfiguration;
			buildSettings = {
				ALWAYS_EMBED_SWIFT_STANDARD_LIBRARIES = YES;
				BUNDLE_LOADER = "$(TEST_HOST)";
				CODE_SIGN_STYLE = Automatic;
				CURRENT_PROJECT_VERSION = 1;
				DEVELOPMENT_TEAM = MYS34L2H78;
				GENERATE_INFOPLIST_FILE = YES;
				IPHONEOS_DEPLOYMENT_TARGET = 15.0;
				LD_RUNPATH_SEARCH_PATHS = (
					"$(inherited)",
					"@executable_path/Frameworks",
					"@loader_path/Frameworks",
				);
				MARKETING_VERSION = 1.0;
				PRODUCT_BUNDLE_IDENTIFIER = gualacorporations.company.CocktailAppTests;
				PRODUCT_NAME = "$(TARGET_NAME)";
				SWIFT_EMIT_LOC_STRINGS = NO;
				SWIFT_VERSION = 5.0;
				TARGETED_DEVICE_FAMILY = "1,2";
				TEST_HOST = "$(BUILT_PRODUCTS_DIR)/CocktailApp.app/CocktailApp";
			};
			name = Debug;
		};
		23CE698A27EB2E2900A0E18D /* Release */ = {
			isa = XCBuildConfiguration;
			buildSettings = {
				ALWAYS_EMBED_SWIFT_STANDARD_LIBRARIES = YES;
				BUNDLE_LOADER = "$(TEST_HOST)";
				CODE_SIGN_STYLE = Automatic;
				CURRENT_PROJECT_VERSION = 1;
				DEVELOPMENT_TEAM = MYS34L2H78;
				GENERATE_INFOPLIST_FILE = YES;
				IPHONEOS_DEPLOYMENT_TARGET = 15.0;
				LD_RUNPATH_SEARCH_PATHS = (
					"$(inherited)",
					"@executable_path/Frameworks",
					"@loader_path/Frameworks",
				);
				MARKETING_VERSION = 1.0;
				PRODUCT_BUNDLE_IDENTIFIER = gualacorporations.company.CocktailAppTests;
				PRODUCT_NAME = "$(TARGET_NAME)";
				SWIFT_EMIT_LOC_STRINGS = NO;
				SWIFT_VERSION = 5.0;
				TARGETED_DEVICE_FAMILY = "1,2";
				TEST_HOST = "$(BUILT_PRODUCTS_DIR)/CocktailApp.app/CocktailApp";
			};
			name = Release;
		};
		23CE698C27EB2E2900A0E18D /* Debug */ = {
			isa = XCBuildConfiguration;
			buildSettings = {
				ALWAYS_EMBED_SWIFT_STANDARD_LIBRARIES = YES;
				CODE_SIGN_STYLE = Automatic;
				CURRENT_PROJECT_VERSION = 1;
				DEVELOPMENT_TEAM = MYS34L2H78;
				GENERATE_INFOPLIST_FILE = YES;
				LD_RUNPATH_SEARCH_PATHS = (
					"$(inherited)",
					"@executable_path/Frameworks",
					"@loader_path/Frameworks",
				);
				MARKETING_VERSION = 1.0;
				PRODUCT_BUNDLE_IDENTIFIER = gualacorporations.company.CocktailAppUITests;
				PRODUCT_NAME = "$(TARGET_NAME)";
				SWIFT_EMIT_LOC_STRINGS = NO;
				SWIFT_VERSION = 5.0;
				TARGETED_DEVICE_FAMILY = "1,2";
				TEST_TARGET_NAME = CocktailApp;
			};
			name = Debug;
		};
		23CE698D27EB2E2900A0E18D /* Release */ = {
			isa = XCBuildConfiguration;
			buildSettings = {
				ALWAYS_EMBED_SWIFT_STANDARD_LIBRARIES = YES;
				CODE_SIGN_STYLE = Automatic;
				CURRENT_PROJECT_VERSION = 1;
				DEVELOPMENT_TEAM = MYS34L2H78;
				GENERATE_INFOPLIST_FILE = YES;
				LD_RUNPATH_SEARCH_PATHS = (
					"$(inherited)",
					"@executable_path/Frameworks",
					"@loader_path/Frameworks",
				);
				MARKETING_VERSION = 1.0;
				PRODUCT_BUNDLE_IDENTIFIER = gualacorporations.company.CocktailAppUITests;
				PRODUCT_NAME = "$(TARGET_NAME)";
				SWIFT_EMIT_LOC_STRINGS = NO;
				SWIFT_VERSION = 5.0;
				TARGETED_DEVICE_FAMILY = "1,2";
				TEST_TARGET_NAME = CocktailApp;
			};
			name = Release;
		};
/* End XCBuildConfiguration section */

/* Begin XCConfigurationList section */
		23CE695627EB2E2600A0E18D /* Build configuration list for PBXProject "CocktailApp" */ = {
			isa = XCConfigurationList;
			buildConfigurations = (
				23CE698327EB2E2900A0E18D /* Debug */,
				23CE698427EB2E2900A0E18D /* Release */,
			);
			defaultConfigurationIsVisible = 0;
			defaultConfigurationName = Release;
		};
		23CE698527EB2E2900A0E18D /* Build configuration list for PBXNativeTarget "CocktailApp" */ = {
			isa = XCConfigurationList;
			buildConfigurations = (
				23CE698627EB2E2900A0E18D /* Debug */,
				23CE698727EB2E2900A0E18D /* Release */,
			);
			defaultConfigurationIsVisible = 0;
			defaultConfigurationName = Release;
		};
		23CE698827EB2E2900A0E18D /* Build configuration list for PBXNativeTarget "CocktailAppTests" */ = {
			isa = XCConfigurationList;
			buildConfigurations = (
				23CE698927EB2E2900A0E18D /* Debug */,
				23CE698A27EB2E2900A0E18D /* Release */,
			);
			defaultConfigurationIsVisible = 0;
			defaultConfigurationName = Release;
		};
		23CE698B27EB2E2900A0E18D /* Build configuration list for PBXNativeTarget "CocktailAppUITests" */ = {
			isa = XCConfigurationList;
			buildConfigurations = (
				23CE698C27EB2E2900A0E18D /* Debug */,
				23CE698D27EB2E2900A0E18D /* Release */,
			);
			defaultConfigurationIsVisible = 0;
			defaultConfigurationName = Release;
		};
/* End XCConfigurationList section */
	};
	rootObject = 23CE695327EB2E2600A0E18D /* Project object */;
}
